# @generated by Move, please check-in and do not edit manually.

[move]
version = 2
manifest_digest = "DAF3861DC6C2C8F2AA04723CE46C115B9D7AC97130EFC444684BB98BB931FF25"
deps_digest = "F8BBB0CCB2491CA29A3DF03D6F92277A4F3574266507ACD77214D37ECA3F3082"
dependencies = [
  { name = "Sui" },
]

[[move.package]]
name = "MoveStdlib"
source = { git = "https://github.com/MystenLabs/sui.git", rev = "framework/testnet", subdir = "crates/sui-framework/packages/move-stdlib" }

[[move.package]]
name = "Sui"
source = { git = "https://github.com/MystenLabs/sui.git", rev = "framework/testnet", subdir = "crates/sui-framework/packages/sui-framework" }

dependencies = [
  { name = "MoveStdlib" },
]

[move.toolchain-version]
compiler-version = "1.25.0"
edition = "2024.beta"
flavor = "sui"

[env]

[env.testnet]
chain-id = "4c78adac"
original-published-id = "0x97ff2d34742ab9eb04601154c8dd012b3390fae80f303a9f66ca9a62446a48d7"
latest-published-id = "0x97ff2d34742ab9eb04601154c8dd012b3390fae80f303a9f66ca9a62446a48d7"
published-version = "1"
